// !$*UTF8*$!
{
	archiveVersion = 1;
	classes = {
	};
	objectVersion = 46;
	objects = {

/* Begin PBXBuildFile section */
		32DBFCA61CFD805F00B39958 /* AppDelegate.swift in Sources */ = {isa = PBXBuildFile; fileRef = 32DBFCA51CFD805F00B39958 /* AppDelegate.swift */; };
		32DBFCA81CFD805F00B39958 /* ViewController.swift in Sources */ = {isa = PBXBuildFile; fileRef = 32DBFCA71CFD805F00B39958 /* ViewController.swift */; };
		32DBFCAD1CFD805F00B39958 /* Assets.xcassets in Resources */ = {isa = PBXBuildFile; fileRef = 32DBFCAC1CFD805F00B39958 /* Assets.xcassets */; };
		32DBFCB01CFD805F00B39958 /* LaunchScreen.storyboard in Resources */ = {isa = PBXBuildFile; fileRef = 32DBFCAE1CFD805F00B39958 /* LaunchScreen.storyboard */; };
		32DBFCBA1CFD816500B39958 /* LandingViewController.swift in Sources */ = {isa = PBXBuildFile; fileRef = 32DBFCB81CFD816500B39958 /* LandingViewController.swift */; };
		32DBFCBB1CFD816500B39958 /* LandingViewController.xib in Resources */ = {isa = PBXBuildFile; fileRef = 32DBFCB91CFD816500B39958 /* LandingViewController.xib */; };
		32DBFCBE1CFD818500B39958 /* LoginViewController.swift in Sources */ = {isa = PBXBuildFile; fileRef = 32DBFCBC1CFD818500B39958 /* LoginViewController.swift */; };
		32DBFCBF1CFD818500B39958 /* LoginViewController.xib in Resources */ = {isa = PBXBuildFile; fileRef = 32DBFCBD1CFD818500B39958 /* LoginViewController.xib */; };
		32DBFCC21CFD892E00B39958 /* RegisterViewController.swift in Sources */ = {isa = PBXBuildFile; fileRef = 32DBFCC01CFD892E00B39958 /* RegisterViewController.swift */; };
		32DBFCC31CFD892E00B39958 /* RegisterViewController.xib in Resources */ = {isa = PBXBuildFile; fileRef = 32DBFCC11CFD892E00B39958 /* RegisterViewController.xib */; };
		32DBFCC51CFD8BC400B39958 /* UserController.swift in Sources */ = {isa = PBXBuildFile; fileRef = 32DBFCC41CFD8BC400B39958 /* UserController.swift */; };
		32DBFCC91CFDBBBE00B39958 /* LoggedInViewController.swift in Sources */ = {isa = PBXBuildFile; fileRef = 32DBFCC71CFDBBBE00B39958 /* LoggedInViewController.swift */; };
		32DBFCCA1CFDBBBE00B39958 /* LoggedInViewController.xib in Resources */ = {isa = PBXBuildFile; fileRef = 32DBFCC81CFDBBBE00B39958 /* LoggedInViewController.xib */; };
/* End PBXBuildFile section */

/* Begin PBXFileReference section */
		32DBFCA21CFD805F00B39958 /* OnboardingDemo.app */ = {isa = PBXFileReference; explicitFileType = wrapper.application; includeInIndex = 0; path = OnboardingDemo.app; sourceTree = BUILT_PRODUCTS_DIR; };
		32DBFCA51CFD805F00B39958 /* AppDelegate.swift */ = {isa = PBXFileReference; lastKnownFileType = sourcecode.swift; path = AppDelegate.swift; sourceTree = "<group>"; };
		32DBFCA71CFD805F00B39958 /* ViewController.swift */ = {isa = PBXFileReference; lastKnownFileType = sourcecode.swift; path = ViewController.swift; sourceTree = "<group>"; };
		32DBFCAC1CFD805F00B39958 /* Assets.xcassets */ = {isa = PBXFileReference; lastKnownFileType = folder.assetcatalog; path = Assets.xcassets; sourceTree = "<group>"; };
		32DBFCAF1CFD805F00B39958 /* Base */ = {isa = PBXFileReference; lastKnownFileType = file.storyboard; name = Base; path = Base.lproj/LaunchScreen.storyboard; sourceTree = "<group>"; };
		32DBFCB11CFD805F00B39958 /* Info.plist */ = {isa = PBXFileReference; lastKnownFileType = text.plist.xml; path = Info.plist; sourceTree = "<group>"; };
		32DBFCB81CFD816500B39958 /* LandingViewController.swift */ = {isa = PBXFileReference; fileEncoding = 4; lastKnownFileType = sourcecode.swift; path = LandingViewController.swift; sourceTree = "<group>"; };
		32DBFCB91CFD816500B39958 /* LandingViewController.xib */ = {isa = PBXFileReference; fileEncoding = 4; lastKnownFileType = file.xib; path = LandingViewController.xib; sourceTree = "<group>"; };
		32DBFCBC1CFD818500B39958 /* LoginViewController.swift */ = {isa = PBXFileReference; fileEncoding = 4; lastKnownFileType = sourcecode.swift; path = LoginViewController.swift; sourceTree = "<group>"; };
		32DBFCBD1CFD818500B39958 /* LoginViewController.xib */ = {isa = PBXFileReference; fileEncoding = 4; lastKnownFileType = file.xib; path = LoginViewController.xib; sourceTree = "<group>"; };
		32DBFCC01CFD892E00B39958 /* RegisterViewController.swift */ = {isa = PBXFileReference; fileEncoding = 4; lastKnownFileType = sourcecode.swift; path = RegisterViewController.swift; sourceTree = "<group>"; };
		32DBFCC11CFD892E00B39958 /* RegisterViewController.xib */ = {isa = PBXFileReference; fileEncoding = 4; lastKnownFileType = file.xib; path = RegisterViewController.xib; sourceTree = "<group>"; };
		32DBFCC41CFD8BC400B39958 /* UserController.swift */ = {isa = PBXFileReference; fileEncoding = 4; lastKnownFileType = sourcecode.swift; name = UserController.swift; path = OnboardingDemo/UserController.swift; sourceTree = "<group>"; };
		32DBFCC71CFDBBBE00B39958 /* LoggedInViewController.swift */ = {isa = PBXFileReference; fileEncoding = 4; lastKnownFileType = sourcecode.swift; path = LoggedInViewController.swift; sourceTree = "<group>"; };
		32DBFCC81CFDBBBE00B39958 /* LoggedInViewController.xib */ = {isa = PBXFileReference; fileEncoding = 4; lastKnownFileType = file.xib; path = LoggedInViewController.xib; sourceTree = "<group>"; };
/* End PBXFileReference section */

/* Begin PBXFrameworksBuildPhase section */
		32DBFC9F1CFD805F00B39958 /* Frameworks */ = {
			isa = PBXFrameworksBuildPhase;
			buildActionMask = 2147483647;
			files = (
			);
			runOnlyForDeploymentPostprocessing = 0;
		};
/* End PBXFrameworksBuildPhase section */

/* Begin PBXGroup section */
		32DBFC991CFD805F00B39958 = {
			isa = PBXGroup;
			children = (
				32DBFCC41CFD8BC400B39958 /* UserController.swift */,
				32DBFCA41CFD805F00B39958 /* OnboardingDemo */,
				32DBFCA31CFD805F00B39958 /* Products */,
			);
			sourceTree = "<group>";
		};
		32DBFCA31CFD805F00B39958 /* Products */ = {
			isa = PBXGroup;
			children = (
				32DBFCA21CFD805F00B39958 /* OnboardingDemo.app */,
			);
			name = Products;
			sourceTree = "<group>";
		};
		32DBFCA41CFD805F00B39958 /* OnboardingDemo */ = {
			isa = PBXGroup;
			children = (
				32DBFCC61CFDBB8F00B39958 /* LoggedIn */,
				32DBFCB71CFD80CE00B39958 /* Onboarding Screens */,
				32DBFCA51CFD805F00B39958 /* AppDelegate.swift */,
				32DBFCA71CFD805F00B39958 /* ViewController.swift */,
				32DBFCAC1CFD805F00B39958 /* Assets.xcassets */,
				32DBFCAE1CFD805F00B39958 /* LaunchScreen.storyboard */,
				32DBFCB11CFD805F00B39958 /* Info.plist */,
			);
			path = OnboardingDemo;
			sourceTree = "<group>";
		};
		32DBFCB71CFD80CE00B39958 /* Onboarding Screens */ = {
			isa = PBXGroup;
			children = (
				32DBFCB81CFD816500B39958 /* LandingViewController.swift */,
				32DBFCB91CFD816500B39958 /* LandingViewController.xib */,
				32DBFCBC1CFD818500B39958 /* LoginViewController.swift */,
				32DBFCBD1CFD818500B39958 /* LoginViewController.xib */,
				32DBFCC01CFD892E00B39958 /* RegisterViewController.swift */,
				32DBFCC11CFD892E00B39958 /* RegisterViewController.xib */,
			);
			name = "Onboarding Screens";
			sourceTree = "<group>";
		};
		32DBFCC61CFDBB8F00B39958 /* LoggedIn */ = {
			isa = PBXGroup;
			children = (
				32DBFCC71CFDBBBE00B39958 /* LoggedInViewController.swift */,
				32DBFCC81CFDBBBE00B39958 /* LoggedInViewController.xib */,
			);
			name = LoggedIn;
			sourceTree = "<group>";
		};
/* End PBXGroup section */

/* Begin PBXNativeTarget section */
		32DBFCA11CFD805F00B39958 /* OnboardingDemo */ = {
			isa = PBXNativeTarget;
			buildConfigurationList = 32DBFCB41CFD805F00B39958 /* Build configuration list for PBXNativeTarget "OnboardingDemo" */;
			buildPhases = (
				32DBFC9E1CFD805F00B39958 /* Sources */,
				32DBFC9F1CFD805F00B39958 /* Frameworks */,
				32DBFCA01CFD805F00B39958 /* Resources */,
			);
			buildRules = (
			);
			dependencies = (
			);
			name = OnboardingDemo;
			productName = OnboardingDemo;
			productReference = 32DBFCA21CFD805F00B39958 /* OnboardingDemo.app */;
			productType = "com.apple.product-type.application";
		};
/* End PBXNativeTarget section */

/* Begin PBXProject section */
		32DBFC9A1CFD805F00B39958 /* Project object */ = {
			isa = PBXProject;
			attributes = {
				LastSwiftUpdateCheck = 0730;
				LastUpgradeCheck = 0730;
				ORGANIZATIONNAME = "Joe Salter";
				TargetAttributes = {
					32DBFCA11CFD805F00B39958 = {
						CreatedOnToolsVersion = 7.3.1;
					};
				};
			};
			buildConfigurationList = 32DBFC9D1CFD805F00B39958 /* Build configuration list for PBXProject "OnboardingDemo" */;
			compatibilityVersion = "Xcode 3.2";
			developmentRegion = English;
			hasScannedForEncodings = 0;
			knownRegions = (
				en,
				Base,
			);
			mainGroup = 32DBFC991CFD805F00B39958;
			productRefGroup = 32DBFCA31CFD805F00B39958 /* Products */;
			projectDirPath = "";
			projectRoot = "";
			targets = (
				32DBFCA11CFD805F00B39958 /* OnboardingDemo */,
			);
		};
/* End PBXProject section */

/* Begin PBXResourcesBuildPhase section */
		32DBFCA01CFD805F00B39958 /* Resources */ = {
			isa = PBXResourcesBuildPhase;
			buildActionMask = 2147483647;
			files = (
				32DBFCBF1CFD818500B39958 /* LoginViewController.xib in Resources */,
				32DBFCC31CFD892E00B39958 /* RegisterViewController.xib in Resources */,
				32DBFCBB1CFD816500B39958 /* LandingViewController.xib in Resources */,
				32DBFCCA1CFDBBBE00B39958 /* LoggedInViewController.xib in Resources */,
				32DBFCB01CFD805F00B39958 /* LaunchScreen.storyboard in Resources */,
				32DBFCAD1CFD805F00B39958 /* Assets.xcassets in Resources */,
			);
			runOnlyForDeploymentPostprocessing = 0;
		};
/* End PBXResourcesBuildPhase section */

/* Begin PBXSourcesBuildPhase section */
		32DBFC9E1CFD805F00B39958 /* Sources */ = {
			isa = PBXSourcesBuildPhase;
			buildActionMask = 2147483647;
			files = (
				32DBFCC51CFD8BC400B39958 /* UserController.swift in Sources */,
				32DBFCBE1CFD818500B39958 /* LoginViewController.swift in Sources */,
				32DBFCC21CFD892E00B39958 /* RegisterViewController.swift in Sources */,
				32DBFCA81CFD805F00B39958 /* ViewController.swift in Sources */,
				32DBFCBA1CFD816500B39958 /* LandingViewController.swift in Sources */,
				32DBFCC91CFDBBBE00B39958 /* LoggedInViewController.swift in Sources */,
				32DBFCA61CFD805F00B39958 /* AppDelegate.swift in Sources */,
			);
			runOnlyForDeploymentPostprocessing = 0;
		};
/* End PBXSourcesBuildPhase section */

/* Begin PBXVariantGroup section */
		32DBFCAE1CFD805F00B39958 /* LaunchScreen.storyboard */ = {
			isa = PBXVariantGroup;
			children = (
				32DBFCAF1CFD805F00B39958 /* Base */,
			);
			name = LaunchScreen.storyboard;
			sourceTree = "<group>";
		};
/* End PBXVariantGroup section */

/* Begin XCBuildConfiguration section */
		32DBFCB21CFD805F00B39958 /* Debug */ = {
			isa = XCBuildConfiguration;
			buildSettings = {
				ALWAYS_SEARCH_USER_PATHS = NO;
				CLANG_ANALYZER_NONNULL = YES;
				CLANG_CXX_LANGUAGE_STANDARD = "gnu++0x";
				CLANG_CXX_LIBRARY = "libc++";
				CLANG_ENABLE_MODULES = YES;
				CLANG_ENABLE_OBJC_ARC = YES;
				CLANG_WARN_BOOL_CONVERSION = YES;
				CLANG_WARN_CONSTANT_CONVERSION = YES;
				CLANG_WARN_DIRECT_OBJC_ISA_USAGE = YES_ERROR;
				CLANG_WARN_EMPTY_BODY = YES;
				CLANG_WARN_ENUM_CONVERSION = YES;
				CLANG_WARN_INT_CONVERSION = YES;
				CLANG_WARN_OBJC_ROOT_CLASS = YES_ERROR;
				CLANG_WARN_UNREACHABLE_CODE = YES;
				CLANG_WARN__DUPLICATE_METHOD_MATCH = YES;
				"CODE_SIGN_IDENTITY[sdk=iphoneos*]" = "iPhone Developer";
				COPY_PHASE_STRIP = NO;
				DEBUG_INFORMATION_FORMAT = dwarf;
				ENABLE_STRICT_OBJC_MSGSEND = YES;
				ENABLE_TESTABILITY = YES;
				GCC_C_LANGUAGE_STANDARD = gnu99;
				GCC_DYNAMIC_NO_PIC = NO;
				GCC_NO_COMMON_BLOCKS = YES;
				GCC_OPTIMIZATION_LEVEL = 0;
				GCC_PREPROCESSOR_DEFINITIONS = (
					"DEBUG=1",
					"$(inherited)",
				);
				GCC_WARN_64_TO_32_BIT_CONVERSION = YES;
				GCC_WARN_ABOUT_RETURN_TYPE = YES_ERROR;
				GCC_WARN_UNDECLARED_SELECTOR = YES;
				GCC_WARN_UNINITIALIZED_AUTOS = YES_AGGRESSIVE;
				GCC_WARN_UNUSED_FUNCTION = YES;
				GCC_WARN_UNUSED_VARIABLE = YES;
				IPHONEOS_DEPLOYMENT_TARGET = 9.3;
				MTL_ENABLE_DEBUG_INFO = YES;
				ONLY_ACTIVE_ARCH = YES;
				SDKROOT = iphoneos;
				SWIFT_OPTIMIZATION_LEVEL = "-Onone";
			};
			name = Debug;
		};
		32DBFCB31CFD805F00B39958 /* Release */ = {
			isa = XCBuildConfiguration;
			buildSettings = {
				ALWAYS_SEARCH_USER_PATHS = NO;
				CLANG_ANALYZER_NONNULL = YES;
				CLANG_CXX_LANGUAGE_STANDARD = "gnu++0x";
				CLANG_CXX_LIBRARY = "libc++";
				CLANG_ENABLE_MODULES = YES;
				CLANG_ENABLE_OBJC_ARC = YES;
				CLANG_WARN_BOOL_CONVERSION = YES;
				CLANG_WARN_CONSTANT_CONVERSION = YES;
				CLANG_WARN_DIRECT_OBJC_ISA_USAGE = YES_ERROR;
				CLANG_WARN_EMPTY_BODY = YES;
				CLANG_WARN_ENUM_CONVERSION = YES;
				CLANG_WARN_INT_CONVERSION = YES;
				CLANG_WARN_OBJC_ROOT_CLASS = YES_ERROR;
				CLANG_WARN_UNREACHABLE_CODE = YES;
				CLANG_WARN__DUPLICATE_METHOD_MATCH = YES;
				"CODE_SIGN_IDENTITY[sdk=iphoneos*]" = "iPhone Developer";
				COPY_PHASE_STRIP = NO;
				DEBUG_INFORMATION_FORMAT = "dwarf-with-dsym";
				ENABLE_NS_ASSERTIONS = NO;
				ENABLE_STRICT_OBJC_MSGSEND = YES;
				GCC_C_LANGUAGE_STANDARD = gnu99;
				GCC_NO_COMMON_BLOCKS = YES;
				GCC_WARN_64_TO_32_BIT_CONVERSION = YES;
				GCC_WARN_ABOUT_RETURN_TYPE = YES_ERROR;
				GCC_WARN_UNDECLARED_SELECTOR = YES;
				GCC_WARN_UNINITIALIZED_AUTOS = YES_AGGRESSIVE;
				GCC_WARN_UNUSED_FUNCTION = YES;
				GCC_WARN_UNUSED_VARIABLE = YES;
				IPHONEOS_DEPLOYMENT_TARGET = 9.3;
				MTL_ENABLE_DEBUG_INFO = NO;
				SDKROOT = iphoneos;
				VALIDATE_PRODUCT = YES;
			};
			name = Release;
		};
		32DBFCB51CFD805F00B39958 /* Debug */ = {
			isa = XCBuildConfiguration;
			buildSettings = {
				ASSETCATALOG_COMPILER_APPICON_NAME = AppIcon;
				INFOPLIST_FILE = OnboardingDemo/Info.plist;
				LD_RUNPATH_SEARCH_PATHS = "$(inherited) @executable_path/Frameworks";
				PRODUCT_BUNDLE_IDENTIFIER = com.joesalter.OnboardingDemo;
				PRODUCT_NAME = "$(TARGET_NAME)";
			};
			name = Debug;
		};
		32DBFCB61CFD805F00B39958 /* Release */ = {
			isa = XCBuildConfiguration;
			buildSettings = {
				ASSETCATALOG_COMPILER_APPICON_NAME = AppIcon;
				INFOPLIST_FILE = OnboardingDemo/Info.plist;
				LD_RUNPATH_SEARCH_PATHS = "$(inherited) @executable_path/Frameworks";
				PRODUCT_BUNDLE_IDENTIFIER = com.joesalter.OnboardingDemo;
				PRODUCT_NAME = "$(TARGET_NAME)";
			};
			name = Release;
		};
/* End XCBuildConfiguration section */

/* Begin XCConfigurationList section */
		32DBFC9D1CFD805F00B39958 /* Build configuration list for PBXProject "OnboardingDemo" */ = {
			isa = XCConfigurationList;
			buildConfigurations = (
				32DBFCB21CFD805F00B39958 /* Debug */,
				32DBFCB31CFD805F00B39958 /* Release */,
			);
			defaultConfigurationIsVisible = 0;
			defaultConfigurationName = Release;
		};
		32DBFCB41CFD805F00B39958 /* Build configuration list for PBXNativeTarget "OnboardingDemo" */ = {
			isa = XCConfigurationList;
			buildConfigurations = (
				32DBFCB51CFD805F00B39958 /* Debug */,
				32DBFCB61CFD805F00B39958 /* Release */,
			);
			defaultConfigurationIsVisible = 0;
		};
/* End XCConfigurationList section */
	};
	rootObject = 32DBFC9A1CFD805F00B39958 /* Project object */;
}
